{
  "name": "tolerablebear",
  "version": "0.1.4",
  "lockfileVersion": 1,
  "requires": true,
  "dependencies": {
    "kinetic": {
      "version": "5.2.0",
      "resolved": "https://registry.npmjs.org/kinetic/-/kinetic-5.2.0.tgz",
      "integrity": "sha1-g8TF61ZE8k4m6bSzhYQxlwowt18="
    },
    "moment": {
      "version": "2.20.1",
      "resolved": "https://registry.npmjs.org/moment/-/moment-2.20.1.tgz",
      "integrity": "sha512-Yh9y73JRljxW5QxN08Fner68eFLxM5ynNOAw2LbIB1YAGeQzZT8QFSUvkAz609Zf+IHhhaUxqZK8dG3W/+HEvg=="
    },
    "phaser-ce": {
      "version": "2.10.1",
      "resolved": "https://registry.npmjs.org/phaser-ce/-/phaser-ce-2.10.1.tgz",
      "integrity": "sha1-UEli1Qne4snFlTmPvj9dvLsXOlA="
    }
  }
}
